
Microsoft Visual Studio Solution File, Format Version 12.00
# Visual Studio Version 17
VisualStudioVersion = 17.7.34031.279
MinimumVisualStudioVersion = 10.0.40219.1
Project("{FAE04EC0-301F-11D3-BF4B-00C04F79EFBC}") = "SOLIDPrinciplesKatas", "SOLIDPrinciplesKatas\SOLIDPrinciplesKatas.csproj", "{E69099A7-666B-4D9B-9E2E-83D249455389}"
EndProject
Global
	GlobalSection(SolutionConfigurationPlatforms) = preSolution
		Debug|Any CPU = Debug|Any CPU
		Release|Any CPU = Release|Any CPU
	EndGlobalSection
	GlobalSection(ProjectConfigurationPlatforms) = postSolution
		{E69099A7-666B-4D9B-9E2E-83D249455389}.Debug|Any CPU.ActiveCfg = Debug|Any CPU
		{E69099A7-666B-4D9B-9E2E-83D249455389}.Debug|Any CPU.Build.0 = Debug|Any CPU
		{E69099A7-666B-4D9B-9E2E-83D249455389}.Release|Any CPU.ActiveCfg = Release|Any CPU
		{E69099A7-666B-4D9B-9E2E-83D249455389}.Release|Any CPU.Build.0 = Release|Any CPU
	EndGlobalSection
	GlobalSection(SolutionProperties) = preSolution
		HideSolutionNode = FALSE
	EndGlobalSection
	GlobalSection(ExtensibilityGlobals) = postSolution
		SolutionGuid = {52463D94-2ECD-4094-A404-8C5931068BBF}
	EndGlobalSection
EndGlobal
