
Microsoft Visual Studio Solution File, Format Version 12.00
# Visual Studio Version 17
VisualStudioVersion = 17.7.34031.279
MinimumVisualStudioVersion = 10.0.40219.1
Project("{9A19103F-16F7-4668-BE54-9A1E7A4F7556}") = "BowlingGameKata.Test", "BowlingGame.Test\BowlingGameKata.Test.csproj", "{B0913BE7-DB38-4EA3-882E-A95B91C39E7C}"
EndProject
Project("{9A19103F-16F7-4668-BE54-9A1E7A4F7556}") = "BowlingGameKata", "BowlingGame\BowlingGameKata.csproj", "{50BB7E3E-F622-4EEF-8B17-A0D63506F189}"
EndProject
Global
	GlobalSection(SolutionConfigurationPlatforms) = preSolution
		Debug|Any CPU = Debug|Any CPU
		Release|Any CPU = Release|Any CPU
	EndGlobalSection
	GlobalSection(ProjectConfigurationPlatforms) = postSolution
		{B0913BE7-DB38-4EA3-882E-A95B91C39E7C}.Debug|Any CPU.ActiveCfg = Debug|Any CPU
		{B0913BE7-DB38-4EA3-882E-A95B91C39E7C}.Debug|Any CPU.Build.0 = Debug|Any CPU
		{B0913BE7-DB38-4EA3-882E-A95B91C39E7C}.Release|Any CPU.ActiveCfg = Release|Any CPU
		{B0913BE7-DB38-4EA3-882E-A95B91C39E7C}.Release|Any CPU.Build.0 = Release|Any CPU
		{50BB7E3E-F622-4EEF-8B17-A0D63506F189}.Debug|Any CPU.ActiveCfg = Debug|Any CPU
		{50BB7E3E-F622-4EEF-8B17-A0D63506F189}.Debug|Any CPU.Build.0 = Debug|Any CPU
		{50BB7E3E-F622-4EEF-8B17-A0D63506F189}.Release|Any CPU.ActiveCfg = Release|Any CPU
		{50BB7E3E-F622-4EEF-8B17-A0D63506F189}.Release|Any CPU.Build.0 = Release|Any CPU
	EndGlobalSection
	GlobalSection(SolutionProperties) = preSolution
		HideSolutionNode = FALSE
	EndGlobalSection
	GlobalSection(ExtensibilityGlobals) = postSolution
		SolutionGuid = {52463D94-2ECD-4094-A404-8C5931068BBF}
	EndGlobalSection
EndGlobal
